
Microsoft Visual Studio Solution File, Format Version 12.00
# Visual Studio Version 17
VisualStudioVersion = 17.3.32922.545
MinimumVisualStudioVersion = 10.0.40219.1
Project("{9A19103F-16F7-4668-BE54-9A1E7A4F7556}") = "FullStack.BackEnd", "fullstackBackEnd\FullStack.BackEnd.csproj", "{E7658077-84D1-47FE-9F41-BACFF3716936}"
EndProject
Project("{9A19103F-16F7-4668-BE54-9A1E7A4F7556}") = "FullStack.Test", "TestProject1\FullStack.Test.csproj", "{C432244A-9ECC-4BFA-B80A-EEF73B8BFFA1}"
EndProject
Global
	GlobalSection(SolutionConfigurationPlatforms) = preSolution
		Debug|Any CPU = Debug|Any CPU
		Release|Any CPU = Release|Any CPU
	EndGlobalSection
	GlobalSection(ProjectConfigurationPlatforms) = postSolution
		{E7658077-84D1-47FE-9F41-BACFF3716936}.Debug|Any CPU.ActiveCfg = Debug|Any CPU
		{E7658077-84D1-47FE-9F41-BACFF3716936}.Debug|Any CPU.Build.0 = Debug|Any CPU
		{E7658077-84D1-47FE-9F41-BACFF3716936}.Release|Any CPU.ActiveCfg = Release|Any CPU
		{E7658077-84D1-47FE-9F41-BACFF3716936}.Release|Any CPU.Build.0 = Release|Any CPU
		{C432244A-9ECC-4BFA-B80A-EEF73B8BFFA1}.Debug|Any CPU.ActiveCfg = Debug|Any CPU
		{C432244A-9ECC-4BFA-B80A-EEF73B8BFFA1}.Debug|Any CPU.Build.0 = Debug|Any CPU
		{C432244A-9ECC-4BFA-B80A-EEF73B8BFFA1}.Release|Any CPU.ActiveCfg = Release|Any CPU
		{C432244A-9ECC-4BFA-B80A-EEF73B8BFFA1}.Release|Any CPU.Build.0 = Release|Any CPU
	EndGlobalSection
	GlobalSection(SolutionProperties) = preSolution
		HideSolutionNode = FALSE
	EndGlobalSection
	GlobalSection(ExtensibilityGlobals) = postSolution
		SolutionGuid = {5BF25679-D3CD-449D-ADAE-3F158031A694}
	EndGlobalSection
EndGlobal
