
Microsoft Visual Studio Solution File, Format Version 12.00
# Visual Studio Version 17
VisualStudioVersion = 17.3.32922.545
MinimumVisualStudioVersion = 10.0.40219.1
Project("{FAE04EC0-301F-11D3-BF4B-00C04F79EFBC}") = "TDD-FullStackApp", "TDD-FullStackApp.csproj", "{F9CBC33F-98B9-453E-B0EB-5BAF0B101AC1}"
EndProject
Project("{FAE04EC0-301F-11D3-BF4B-00C04F79EFBC}") = "TDD-FullStackTests", "..\TDD-FullStackTests\TDD-FullStackTests.csproj", "{2695D8B9-0C57-4DEC-B2C6-70EA5A0C8124}"
EndProject
Global
	GlobalSection(SolutionConfigurationPlatforms) = preSolution
		Debug|Any CPU = Debug|Any CPU
		Release|Any CPU = Release|Any CPU
	EndGlobalSection
	GlobalSection(ProjectConfigurationPlatforms) = postSolution
		{F9CBC33F-98B9-453E-B0EB-5BAF0B101AC1}.Debug|Any CPU.ActiveCfg = Debug|Any CPU
		{F9CBC33F-98B9-453E-B0EB-5BAF0B101AC1}.Debug|Any CPU.Build.0 = Debug|Any CPU
		{F9CBC33F-98B9-453E-B0EB-5BAF0B101AC1}.Release|Any CPU.ActiveCfg = Release|Any CPU
		{F9CBC33F-98B9-453E-B0EB-5BAF0B101AC1}.Release|Any CPU.Build.0 = Release|Any CPU
		{2695D8B9-0C57-4DEC-B2C6-70EA5A0C8124}.Debug|Any CPU.ActiveCfg = Debug|Any CPU
		{2695D8B9-0C57-4DEC-B2C6-70EA5A0C8124}.Debug|Any CPU.Build.0 = Debug|Any CPU
		{2695D8B9-0C57-4DEC-B2C6-70EA5A0C8124}.Release|Any CPU.ActiveCfg = Release|Any CPU
		{2695D8B9-0C57-4DEC-B2C6-70EA5A0C8124}.Release|Any CPU.Build.0 = Release|Any CPU
	EndGlobalSection
	GlobalSection(SolutionProperties) = preSolution
		HideSolutionNode = FALSE
	EndGlobalSection
	GlobalSection(ExtensibilityGlobals) = postSolution
		SolutionGuid = {82D5D895-5FAC-49A5-A975-9DEB21339F7A}
	EndGlobalSection
EndGlobal
